
Microsoft Visual Studio Solution File, Format Version 12.00
# Visual Studio Version 17
VisualStudioVersion = 17.5.33530.505
MinimumVisualStudioVersion = 10.0.40219.1
Project("{FAE04EC0-301F-11D3-BF4B-00C04F79EFBC}") = "Tetris", "Tetris\Tetris.csproj", "{5FD3BABA-5EBB-47A9-AF1C-2F67E3A56F85}"
EndProject
Global
	GlobalSection(SolutionConfigurationPlatforms) = preSolution
		Debug|Any CPU = Debug|Any CPU
		Release|Any CPU = Release|Any CPU
	EndGlobalSection
	GlobalSection(ProjectConfigurationPlatforms) = postSolution
		{5FD3BABA-5EBB-47A9-AF1C-2F67E3A56F85}.Debug|Any CPU.ActiveCfg = Debug|Any CPU
		{5FD3BABA-5EBB-47A9-AF1C-2F67E3A56F85}.Debug|Any CPU.Build.0 = Debug|Any CPU
		{5FD3BABA-5EBB-47A9-AF1C-2F67E3A56F85}.Release|Any CPU.ActiveCfg = Release|Any CPU
		{5FD3BABA-5EBB-47A9-AF1C-2F67E3A56F85}.Release|Any CPU.Build.0 = Release|Any CPU
	EndGlobalSection
	GlobalSection(SolutionProperties) = preSolution
		HideSolutionNode = FALSE
	EndGlobalSection
	GlobalSection(ExtensibilityGlobals) = postSolution
		SolutionGuid = {763A8A79-5BA5-47CD-8E7B-71A6490FA63E}
	EndGlobalSection
EndGlobal
